
Microsoft Visual Studio Solution File, Format Version 12.00
# Visual Studio Version 17
VisualStudioVersion = 17.11.35327.3
MinimumVisualStudioVersion = 10.0.40219.1
Project("{FAE04EC0-301F-11D3-BF4B-00C04F79EFBC}") = "UIA", "UIA\UIA.csproj", "{4860460B-CF16-4826-A998-1C069F93983F}"
EndProject
Global
	GlobalSection(SolutionConfigurationPlatforms) = preSolution
		Debug|Any CPU = Debug|Any CPU
		Release|Any CPU = Release|Any CPU
	EndGlobalSection
	GlobalSection(ProjectConfigurationPlatforms) = postSolution
		{4860460B-CF16-4826-A998-1C069F93983F}.Debug|Any CPU.ActiveCfg = Debug|Any CPU
		{4860460B-CF16-4826-A998-1C069F93983F}.Debug|Any CPU.Build.0 = Debug|Any CPU
		{4860460B-CF16-4826-A998-1C069F93983F}.Release|Any CPU.ActiveCfg = Release|Any CPU
		{4860460B-CF16-4826-A998-1C069F93983F}.Release|Any CPU.Build.0 = Release|Any CPU
	EndGlobalSection
	GlobalSection(SolutionProperties) = preSolution
		HideSolutionNode = FALSE
	EndGlobalSection
	GlobalSection(ExtensibilityGlobals) = postSolution
		SolutionGuid = {75A0989A-F8E9-46D5-8DBF-B22BB0C5105F}
	EndGlobalSection
EndGlobal
